// !$*UTF8*$!
{
	archiveVersion = 1;
	classes = {
	};
	objectVersion = 56;
	objects = {

/* Begin PBXBuildFile section */
		71D06B4E28F976700010350F /* EasyClockApp.swift in Sources */ = {isa = PBXBuildFile; fileRef = 71D06B4D28F976700010350F /* EasyClockApp.swift */; };
		71D06B5028F976700010350F /* ContentView.swift in Sources */ = {isa = PBXBuildFile; fileRef = 71D06B4F28F976700010350F /* ContentView.swift */; };
		71D06B5228F976710010350F /* Assets.xcassets in Resources */ = {isa = PBXBuildFile; fileRef = 71D06B5128F976710010350F /* Assets.xcassets */; };
		71D06B5528F976710010350F /* Preview Assets.xcassets in Resources */ = {isa = PBXBuildFile; fileRef = 71D06B5428F976710010350F /* Preview Assets.xcassets */; };
		71D06B5F28F976710010350F /* EasyClockTests.swift in Sources */ = {isa = PBXBuildFile; fileRef = 71D06B5E28F976710010350F /* EasyClockTests.swift */; };
		71D06B6928F976710010350F /* EasyClockUITests.swift in Sources */ = {isa = PBXBuildFile; fileRef = 71D06B6828F976710010350F /* EasyClockUITests.swift */; };
		71D06B6B28F976710010350F /* EasyClockUITestsLaunchTests.swift in Sources */ = {isa = PBXBuildFile; fileRef = 71D06B6A28F976710010350F /* EasyClockUITestsLaunchTests.swift */; };
/* End PBXBuildFile section */

/* Begin PBXContainerItemProxy section */
		71D06B5B28F976710010350F /* PBXContainerItemProxy */ = {
			isa = PBXContainerItemProxy;
			containerPortal = 71D06B4228F976700010350F /* Project object */;
			proxyType = 1;
			remoteGlobalIDString = 71D06B4928F976700010350F;
			remoteInfo = EasyClock;
		};
		71D06B6528F976710010350F /* PBXContainerItemProxy */ = {
			isa = PBXContainerItemProxy;
			containerPortal = 71D06B4228F976700010350F /* Project object */;
			proxyType = 1;
			remoteGlobalIDString = 71D06B4928F976700010350F;
			remoteInfo = EasyClock;
		};
/* End PBXContainerItemProxy section */

/* Begin PBXFileReference section */
		71D06B4A28F976700010350F /* EasyClock.app */ = {isa = PBXFileReference; explicitFileType = wrapper.application; includeInIndex = 0; path = EasyClock.app; sourceTree = BUILT_PRODUCTS_DIR; };
		71D06B4D28F976700010350F /* EasyClockApp.swift */ = {isa = PBXFileReference; lastKnownFileType = sourcecode.swift; path = EasyClockApp.swift; sourceTree = "<group>"; };
		71D06B4F28F976700010350F /* ContentView.swift */ = {isa = PBXFileReference; lastKnownFileType = sourcecode.swift; path = ContentView.swift; sourceTree = "<group>"; };
		71D06B5128F976710010350F /* Assets.xcassets */ = {isa = PBXFileReference; lastKnownFileType = folder.assetcatalog; path = Assets.xcassets; sourceTree = "<group>"; };
		71D06B5428F976710010350F /* Preview Assets.xcassets */ = {isa = PBXFileReference; lastKnownFileType = folder.assetcatalog; path = "Preview Assets.xcassets"; sourceTree = "<group>"; };
		71D06B5A28F976710010350F /* EasyClockTests.xctest */ = {isa = PBXFileReference; explicitFileType = wrapper.cfbundle; includeInIndex = 0; path = EasyClockTests.xctest; sourceTree = BUILT_PRODUCTS_DIR; };
		71D06B5E28F976710010350F /* EasyClockTests.swift */ = {isa = PBXFileReference; lastKnownFileType = sourcecode.swift; path = EasyClockTests.swift; sourceTree = "<group>"; };
		71D06B6428F976710010350F /* EasyClockUITests.xctest */ = {isa = PBXFileReference; explicitFileType = wrapper.cfbundle; includeInIndex = 0; path = EasyClockUITests.xctest; sourceTree = BUILT_PRODUCTS_DIR; };
		71D06B6828F976710010350F /* EasyClockUITests.swift */ = {isa = PBXFileReference; lastKnownFileType = sourcecode.swift; path = EasyClockUITests.swift; sourceTree = "<group>"; };
		71D06B6A28F976710010350F /* EasyClockUITestsLaunchTests.swift */ = {isa = PBXFileReference; lastKnownFileType = sourcecode.swift; path = EasyClockUITestsLaunchTests.swift; sourceTree = "<group>"; };
/* End PBXFileReference section */

/* Begin PBXFrameworksBuildPhase section */
		71D06B4728F976700010350F /* Frameworks */ = {
			isa = PBXFrameworksBuildPhase;
			buildActionMask = 2147483647;
			files = (
			);
			runOnlyForDeploymentPostprocessing = 0;
		};
		71D06B5728F976710010350F /* Frameworks */ = {
			isa = PBXFrameworksBuildPhase;
			buildActionMask = 2147483647;
			files = (
			);
			runOnlyForDeploymentPostprocessing = 0;
		};
		71D06B6128F976710010350F /* Frameworks */ = {
			isa = PBXFrameworksBuildPhase;
			buildActionMask = 2147483647;
			files = (
			);
			runOnlyForDeploymentPostprocessing = 0;
		};
/* End PBXFrameworksBuildPhase section */

/* Begin PBXGroup section */
		71D06B4128F976700010350F = {
			isa = PBXGroup;
			children = (
				71D06B4C28F976700010350F /* EasyClock */,
				71D06B5D28F976710010350F /* EasyClockTests */,
				71D06B6728F976710010350F /* EasyClockUITests */,
				71D06B4B28F976700010350F /* Products */,
			);
			sourceTree = "<group>";
		};
		71D06B4B28F976700010350F /* Products */ = {
			isa = PBXGroup;
			children = (
				71D06B4A28F976700010350F /* EasyClock.app */,
				71D06B5A28F976710010350F /* EasyClockTests.xctest */,
				71D06B6428F976710010350F /* EasyClockUITests.xctest */,
			);
			name = Products;
			sourceTree = "<group>";
		};
		71D06B4C28F976700010350F /* EasyClock */ = {
			isa = PBXGroup;
			children = (
				71D06B4D28F976700010350F /* EasyClockApp.swift */,
				71D06B4F28F976700010350F /* ContentView.swift */,
				71D06B5128F976710010350F /* Assets.xcassets */,
				71D06B5328F976710010350F /* Preview Content */,
			);
			path = EasyClock;
			sourceTree = "<group>";
		};
		71D06B5328F976710010350F /* Preview Content */ = {
			isa = PBXGroup;
			children = (
				71D06B5428F976710010350F /* Preview Assets.xcassets */,
			);
			path = "Preview Content";
			sourceTree = "<group>";
		};
		71D06B5D28F976710010350F /* EasyClockTests */ = {
			isa = PBXGroup;
			children = (
				71D06B5E28F976710010350F /* EasyClockTests.swift */,
			);
			path = EasyClockTests;
			sourceTree = "<group>";
		};
		71D06B6728F976710010350F /* EasyClockUITests */ = {
			isa = PBXGroup;
			children = (
				71D06B6828F976710010350F /* EasyClockUITests.swift */,
				71D06B6A28F976710010350F /* EasyClockUITestsLaunchTests.swift */,
			);
			path = EasyClockUITests;
			sourceTree = "<group>";
		};
/* End PBXGroup section */

/* Begin PBXNativeTarget section */
		71D06B4928F976700010350F /* EasyClock */ = {
			isa = PBXNativeTarget;
			buildConfigurationList = 71D06B6E28F976710010350F /* Build configuration list for PBXNativeTarget "EasyClock" */;
			buildPhases = (
				71D06B4628F976700010350F /* Sources */,
				71D06B4728F976700010350F /* Frameworks */,
				71D06B4828F976700010350F /* Resources */,
			);
			buildRules = (
			);
			dependencies = (
			);
			name = EasyClock;
			productName = EasyClock;
			productReference = 71D06B4A28F976700010350F /* EasyClock.app */;
			productType = "com.apple.product-type.application";
		};
		71D06B5928F976710010350F /* EasyClockTests */ = {
			isa = PBXNativeTarget;
			buildConfigurationList = 71D06B7128F976710010350F /* Build configuration list for PBXNativeTarget "EasyClockTests" */;
			buildPhases = (
				71D06B5628F976710010350F /* Sources */,
				71D06B5728F976710010350F /* Frameworks */,
				71D06B5828F976710010350F /* Resources */,
			);
			buildRules = (
			);
			dependencies = (
				71D06B5C28F976710010350F /* PBXTargetDependency */,
			);
			name = EasyClockTests;
			productName = EasyClockTests;
			productReference = 71D06B5A28F976710010350F /* EasyClockTests.xctest */;
			productType = "com.apple.product-type.bundle.unit-test";
		};
		71D06B6328F976710010350F /* EasyClockUITests */ = {
			isa = PBXNativeTarget;
			buildConfigurationList = 71D06B7428F976710010350F /* Build configuration list for PBXNativeTarget "EasyClockUITests" */;
			buildPhases = (
				71D06B6028F976710010350F /* Sources */,
				71D06B6128F976710010350F /* Frameworks */,
				71D06B6228F976710010350F /* Resources */,
			);
			buildRules = (
			);
			dependencies = (
				71D06B6628F976710010350F /* PBXTargetDependency */,
			);
			name = EasyClockUITests;
			productName = EasyClockUITests;
			productReference = 71D06B6428F976710010350F /* EasyClockUITests.xctest */;
			productType = "com.apple.product-type.bundle.ui-testing";
		};
/* End PBXNativeTarget section */

/* Begin PBXProject section */
		71D06B4228F976700010350F /* Project object */ = {
			isa = PBXProject;
			attributes = {
				BuildIndependentTargetsInParallel = 1;
				LastSwiftUpdateCheck = 1400;
				LastUpgradeCheck = 1400;
				TargetAttributes = {
					71D06B4928F976700010350F = {
						CreatedOnToolsVersion = 14.0.1;
					};
					71D06B5928F976710010350F = {
						CreatedOnToolsVersion = 14.0.1;
						TestTargetID = 71D06B4928F976700010350F;
					};
					71D06B6328F976710010350F = {
						CreatedOnToolsVersion = 14.0.1;
						TestTargetID = 71D06B4928F976700010350F;
					};
				};
			};
			buildConfigurationList = 71D06B4528F976700010350F /* Build configuration list for PBXProject "EasyClock" */;
			compatibilityVersion = "Xcode 14.0";
			developmentRegion = en;
			hasScannedForEncodings = 0;
			knownRegions = (
				en,
				Base,
			);
			mainGroup = 71D06B4128F976700010350F;
			productRefGroup = 71D06B4B28F976700010350F /* Products */;
			projectDirPath = "";
			projectRoot = "";
			targets = (
				71D06B4928F976700010350F /* EasyClock */,
				71D06B5928F976710010350F /* EasyClockTests */,
				71D06B6328F976710010350F /* EasyClockUITests */,
			);
		};
/* End PBXProject section */

/* Begin PBXResourcesBuildPhase section */
		71D06B4828F976700010350F /* Resources */ = {
			isa = PBXResourcesBuildPhase;
			buildActionMask = 2147483647;
			files = (
				71D06B5528F976710010350F /* Preview Assets.xcassets in Resources */,
				71D06B5228F976710010350F /* Assets.xcassets in Resources */,
			);
			runOnlyForDeploymentPostprocessing = 0;
		};
		71D06B5828F976710010350F /* Resources */ = {
			isa = PBXResourcesBuildPhase;
			buildActionMask = 2147483647;
			files = (
			);
			runOnlyForDeploymentPostprocessing = 0;
		};
		71D06B6228F976710010350F /* Resources */ = {
			isa = PBXResourcesBuildPhase;
			buildActionMask = 2147483647;
			files = (
			);
			runOnlyForDeploymentPostprocessing = 0;
		};
/* End PBXResourcesBuildPhase section */

/* Begin PBXSourcesBuildPhase section */
		71D06B4628F976700010350F /* Sources */ = {
			isa = PBXSourcesBuildPhase;
			buildActionMask = 2147483647;
			files = (
				71D06B5028F976700010350F /* ContentView.swift in Sources */,
				71D06B4E28F976700010350F /* EasyClockApp.swift in Sources */,
			);
			runOnlyForDeploymentPostprocessing = 0;
		};
		71D06B5628F976710010350F /* Sources */ = {
			isa = PBXSourcesBuildPhase;
			buildActionMask = 2147483647;
			files = (
				71D06B5F28F976710010350F /* EasyClockTests.swift in Sources */,
			);
			runOnlyForDeploymentPostprocessing = 0;
		};
		71D06B6028F976710010350F /* Sources */ = {
			isa = PBXSourcesBuildPhase;
			buildActionMask = 2147483647;
			files = (
				71D06B6928F976710010350F /* EasyClockUITests.swift in Sources */,
				71D06B6B28F976710010350F /* EasyClockUITestsLaunchTests.swift in Sources */,
			);
			runOnlyForDeploymentPostprocessing = 0;
		};
/* End PBXSourcesBuildPhase section */

/* Begin PBXTargetDependency section */
		71D06B5C28F976710010350F /* PBXTargetDependency */ = {
			isa = PBXTargetDependency;
			target = 71D06B4928F976700010350F /* EasyClock */;
			targetProxy = 71D06B5B28F976710010350F /* PBXContainerItemProxy */;
		};
		71D06B6628F976710010350F /* PBXTargetDependency */ = {
			isa = PBXTargetDependency;
			target = 71D06B4928F976700010350F /* EasyClock */;
			targetProxy = 71D06B6528F976710010350F /* PBXContainerItemProxy */;
		};
/* End PBXTargetDependency section */

/* Begin XCBuildConfiguration section */
		71D06B6C28F976710010350F /* Debug */ = {
			isa = XCBuildConfiguration;
			buildSettings = {
				ALWAYS_SEARCH_USER_PATHS = NO;
				CLANG_ANALYZER_NONNULL = YES;
				CLANG_ANALYZER_NUMBER_OBJECT_CONVERSION = YES_AGGRESSIVE;
				CLANG_CXX_LANGUAGE_STANDARD = "gnu++20";
				CLANG_ENABLE_MODULES = YES;
				CLANG_ENABLE_OBJC_ARC = YES;
				CLANG_ENABLE_OBJC_WEAK = YES;
				CLANG_WARN_BLOCK_CAPTURE_AUTORELEASING = YES;
				CLANG_WARN_BOOL_CONVERSION = YES;
				CLANG_WARN_COMMA = YES;
				CLANG_WARN_CONSTANT_CONVERSION = YES;
				CLANG_WARN_DEPRECATED_OBJC_IMPLEMENTATIONS = YES;
				CLANG_WARN_DIRECT_OBJC_ISA_USAGE = YES_ERROR;
				CLANG_WARN_DOCUMENTATION_COMMENTS = YES;
				CLANG_WARN_EMPTY_BODY = YES;
				CLANG_WARN_ENUM_CONVERSION = YES;
				CLANG_WARN_INFINITE_RECURSION = YES;
				CLANG_WARN_INT_CONVERSION = YES;
				CLANG_WARN_NON_LITERAL_NULL_CONVERSION = YES;
				CLANG_WARN_OBJC_IMPLICIT_RETAIN_SELF = YES;
				CLANG_WARN_OBJC_LITERAL_CONVERSION = YES;
				CLANG_WARN_OBJC_ROOT_CLASS = YES_ERROR;
				CLANG_WARN_QUOTED_INCLUDE_IN_FRAMEWORK_HEADER = YES;
				CLANG_WARN_RANGE_LOOP_ANALYSIS = YES;
				CLANG_WARN_STRICT_PROTOTYPES = YES;
				CLANG_WARN_SUSPICIOUS_MOVE = YES;
				CLANG_WARN_UNGUARDED_AVAILABILITY = YES_AGGRESSIVE;
				CLANG_WARN_UNREACHABLE_CODE = YES;
				CLANG_WARN__DUPLICATE_METHOD_MATCH = YES;
				COPY_PHASE_STRIP = NO;
				DEBUG_INFORMATION_FORMAT = dwarf;
				ENABLE_STRICT_OBJC_MSGSEND = YES;
				ENABLE_TESTABILITY = YES;
				GCC_C_LANGUAGE_STANDARD = gnu11;
				GCC_DYNAMIC_NO_PIC = NO;
				GCC_NO_COMMON_BLOCKS = YES;
				GCC_OPTIMIZATION_LEVEL = 0;
				GCC_PREPROCESSOR_DEFINITIONS = (
					"DEBUG=1",
					"$(inherited)",
				);
				GCC_WARN_64_TO_32_BIT_CONVERSION = YES;
				GCC_WARN_ABOUT_RETURN_TYPE = YES_ERROR;
				GCC_WARN_UNDECLARED_SELECTOR = YES;
				GCC_WARN_UNINITIALIZED_AUTOS = YES_AGGRESSIVE;
				GCC_WARN_UNUSED_FUNCTION = YES;
				GCC_WARN_UNUSED_VARIABLE = YES;
				IPHONEOS_DEPLOYMENT_TARGET = 16.0;
				MTL_ENABLE_DEBUG_INFO = INCLUDE_SOURCE;
				MTL_FAST_MATH = YES;
				ONLY_ACTIVE_ARCH = YES;
				SDKROOT = iphoneos;
				SWIFT_ACTIVE_COMPILATION_CONDITIONS = DEBUG;
				SWIFT_OPTIMIZATION_LEVEL = "-Onone";
			};
			name = Debug;
		};
		71D06B6D28F976710010350F /* Release */ = {
			isa = XCBuildConfiguration;
			buildSettings = {
				ALWAYS_SEARCH_USER_PATHS = NO;
				CLANG_ANALYZER_NONNULL = YES;
				CLANG_ANALYZER_NUMBER_OBJECT_CONVERSION = YES_AGGRESSIVE;
				CLANG_CXX_LANGUAGE_STANDARD = "gnu++20";
				CLANG_ENABLE_MODULES = YES;
				CLANG_ENABLE_OBJC_ARC = YES;
				CLANG_ENABLE_OBJC_WEAK = YES;
				CLANG_WARN_BLOCK_CAPTURE_AUTORELEASING = YES;
				CLANG_WARN_BOOL_CONVERSION = YES;
				CLANG_WARN_COMMA = YES;
				CLANG_WARN_CONSTANT_CONVERSION = YES;
				CLANG_WARN_DEPRECATED_OBJC_IMPLEMENTATIONS = YES;
				CLANG_WARN_DIRECT_OBJC_ISA_USAGE = YES_ERROR;
				CLANG_WARN_DOCUMENTATION_COMMENTS = YES;
				CLANG_WARN_EMPTY_BODY = YES;
				CLANG_WARN_ENUM_CONVERSION = YES;
				CLANG_WARN_INFINITE_RECURSION = YES;
				CLANG_WARN_INT_CONVERSION = YES;
				CLANG_WARN_NON_LITERAL_NULL_CONVERSION = YES;
				CLANG_WARN_OBJC_IMPLICIT_RETAIN_SELF = YES;
				CLANG_WARN_OBJC_LITERAL_CONVERSION = YES;
				CLANG_WARN_OBJC_ROOT_CLASS = YES_ERROR;
				CLANG_WARN_QUOTED_INCLUDE_IN_FRAMEWORK_HEADER = YES;
				CLANG_WARN_RANGE_LOOP_ANALYSIS = YES;
				CLANG_WARN_STRICT_PROTOTYPES = YES;
				CLANG_WARN_SUSPICIOUS_MOVE = YES;
				CLANG_WARN_UNGUARDED_AVAILABILITY = YES_AGGRESSIVE;
				CLANG_WARN_UNREACHABLE_CODE = YES;
				CLANG_WARN__DUPLICATE_METHOD_MATCH = YES;
				COPY_PHASE_STRIP = NO;
				DEBUG_INFORMATION_FORMAT = "dwarf-with-dsym";
				ENABLE_NS_ASSERTIONS = NO;
				ENABLE_STRICT_OBJC_MSGSEND = YES;
				GCC_C_LANGUAGE_STANDARD = gnu11;
				GCC_NO_COMMON_BLOCKS = YES;
				GCC_WARN_64_TO_32_BIT_CONVERSION = YES;
				GCC_WARN_ABOUT_RETURN_TYPE = YES_ERROR;
				GCC_WARN_UNDECLARED_SELECTOR = YES;
				GCC_WARN_UNINITIALIZED_AUTOS = YES_AGGRESSIVE;
				GCC_WARN_UNUSED_FUNCTION = YES;
				GCC_WARN_UNUSED_VARIABLE = YES;
				IPHONEOS_DEPLOYMENT_TARGET = 16.0;
				MTL_ENABLE_DEBUG_INFO = NO;
				MTL_FAST_MATH = YES;
				SDKROOT = iphoneos;
				SWIFT_COMPILATION_MODE = wholemodule;
				SWIFT_OPTIMIZATION_LEVEL = "-O";
				VALIDATE_PRODUCT = YES;
			};
			name = Release;
		};
		71D06B6F28F976710010350F /* Debug */ = {
			isa = XCBuildConfiguration;
			buildSettings = {
				ASSETCATALOG_COMPILER_APPICON_NAME = AppIcon;
				ASSETCATALOG_COMPILER_GLOBAL_ACCENT_COLOR_NAME = AccentColor;
				CODE_SIGN_STYLE = Automatic;
				CURRENT_PROJECT_VERSION = 1;
				DEVELOPMENT_ASSET_PATHS = "\"EasyClock/Preview Content\"";
				ENABLE_PREVIEWS = YES;
				GENERATE_INFOPLIST_FILE = YES;
				INFOPLIST_KEY_UIApplicationSceneManifest_Generation = YES;
				INFOPLIST_KEY_UIApplicationSupportsIndirectInputEvents = YES;
				INFOPLIST_KEY_UILaunchScreen_Generation = YES;
				INFOPLIST_KEY_UISupportedInterfaceOrientations_iPad = "UIInterfaceOrientationPortrait UIInterfaceOrientationPortraitUpsideDown UIInterfaceOrientationLandscapeLeft UIInterfaceOrientationLandscapeRight";
				INFOPLIST_KEY_UISupportedInterfaceOrientations_iPhone = "UIInterfaceOrientationPortrait UIInterfaceOrientationLandscapeLeft UIInterfaceOrientationLandscapeRight";
				LD_RUNPATH_SEARCH_PATHS = (
					"$(inherited)",
					"@executable_path/Frameworks",
				);
				MARKETING_VERSION = 1.0;
				PRODUCT_BUNDLE_IDENTIFIER = com.forthonliu.EasyClock;
				PRODUCT_NAME = "$(TARGET_NAME)";
				SWIFT_EMIT_LOC_STRINGS = YES;
				SWIFT_VERSION = 5.0;
				TARGETED_DEVICE_FAMILY = "1,2";
			};
			name = Debug;
		};
		71D06B7028F976710010350F /* Release */ = {
			isa = XCBuildConfiguration;
			buildSettings = {
				ASSETCATALOG_COMPILER_APPICON_NAME = AppIcon;
				ASSETCATALOG_COMPILER_GLOBAL_ACCENT_COLOR_NAME = AccentColor;
				CODE_SIGN_STYLE = Automatic;
				CURRENT_PROJECT_VERSION = 1;
				DEVELOPMENT_ASSET_PATHS = "\"EasyClock/Preview Content\"";
				ENABLE_PREVIEWS = YES;
				GENERATE_INFOPLIST_FILE = YES;
				INFOPLIST_KEY_UIApplicationSceneManifest_Generation = YES;
				INFOPLIST_KEY_UIApplicationSupportsIndirectInputEvents = YES;
				INFOPLIST_KEY_UILaunchScreen_Generation = YES;
				INFOPLIST_KEY_UISupportedInterfaceOrientations_iPad = "UIInterfaceOrientationPortrait UIInterfaceOrientationPortraitUpsideDown UIInterfaceOrientationLandscapeLeft UIInterfaceOrientationLandscapeRight";
				INFOPLIST_KEY_UISupportedInterfaceOrientations_iPhone = "UIInterfaceOrientationPortrait UIInterfaceOrientationLandscapeLeft UIInterfaceOrientationLandscapeRight";
				LD_RUNPATH_SEARCH_PATHS = (
					"$(inherited)",
					"@executable_path/Frameworks",
				);
				MARKETING_VERSION = 1.0;
				PRODUCT_BUNDLE_IDENTIFIER = com.forthonliu.EasyClock;
				PRODUCT_NAME = "$(TARGET_NAME)";
				SWIFT_EMIT_LOC_STRINGS = YES;
				SWIFT_VERSION = 5.0;
				TARGETED_DEVICE_FAMILY = "1,2";
			};
			name = Release;
		};
		71D06B7228F976710010350F /* Debug */ = {
			isa = XCBuildConfiguration;
			buildSettings = {
				ALWAYS_EMBED_SWIFT_STANDARD_LIBRARIES = YES;
				BUNDLE_LOADER = "$(TEST_HOST)";
				CODE_SIGN_STYLE = Automatic;
				CURRENT_PROJECT_VERSION = 1;
				GENERATE_INFOPLIST_FILE = YES;
				IPHONEOS_DEPLOYMENT_TARGET = 16.0;
				MARKETING_VERSION = 1.0;
				PRODUCT_BUNDLE_IDENTIFIER = com.forthonliu.EasyClockTests;
				PRODUCT_NAME = "$(TARGET_NAME)";
				SWIFT_EMIT_LOC_STRINGS = NO;
				SWIFT_VERSION = 5.0;
				TARGETED_DEVICE_FAMILY = "1,2";
				TEST_HOST = "$(BUILT_PRODUCTS_DIR)/EasyClock.app/$(BUNDLE_EXECUTABLE_FOLDER_PATH)/EasyClock";
			};
			name = Debug;
		};
		71D06B7328F976710010350F /* Release */ = {
			isa = XCBuildConfiguration;
			buildSettings = {
				ALWAYS_EMBED_SWIFT_STANDARD_LIBRARIES = YES;
				BUNDLE_LOADER = "$(TEST_HOST)";
				CODE_SIGN_STYLE = Automatic;
				CURRENT_PROJECT_VERSION = 1;
				GENERATE_INFOPLIST_FILE = YES;
				IPHONEOS_DEPLOYMENT_TARGET = 16.0;
				MARKETING_VERSION = 1.0;
				PRODUCT_BUNDLE_IDENTIFIER = com.forthonliu.EasyClockTests;
				PRODUCT_NAME = "$(TARGET_NAME)";
				SWIFT_EMIT_LOC_STRINGS = NO;
				SWIFT_VERSION = 5.0;
				TARGETED_DEVICE_FAMILY = "1,2";
				TEST_HOST = "$(BUILT_PRODUCTS_DIR)/EasyClock.app/$(BUNDLE_EXECUTABLE_FOLDER_PATH)/EasyClock";
			};
			name = Release;
		};
		71D06B7528F976710010350F /* Debug */ = {
			isa = XCBuildConfiguration;
			buildSettings = {
				ALWAYS_EMBED_SWIFT_STANDARD_LIBRARIES = YES;
				CODE_SIGN_STYLE = Automatic;
				CURRENT_PROJECT_VERSION = 1;
				GENERATE_INFOPLIST_FILE = YES;
				MARKETING_VERSION = 1.0;
				PRODUCT_BUNDLE_IDENTIFIER = com.forthonliu.EasyClockUITests;
				PRODUCT_NAME = "$(TARGET_NAME)";
				SWIFT_EMIT_LOC_STRINGS = NO;
				SWIFT_VERSION = 5.0;
				TARGETED_DEVICE_FAMILY = "1,2";
				TEST_TARGET_NAME = EasyClock;
			};
			name = Debug;
		};
		71D06B7628F976710010350F /* Release */ = {
			isa = XCBuildConfiguration;
			buildSettings = {
				ALWAYS_EMBED_SWIFT_STANDARD_LIBRARIES = YES;
				CODE_SIGN_STYLE = Automatic;
				CURRENT_PROJECT_VERSION = 1;
				GENERATE_INFOPLIST_FILE = YES;
				MARKETING_VERSION = 1.0;
				PRODUCT_BUNDLE_IDENTIFIER = com.forthonliu.EasyClockUITests;
				PRODUCT_NAME = "$(TARGET_NAME)";
				SWIFT_EMIT_LOC_STRINGS = NO;
				SWIFT_VERSION = 5.0;
				TARGETED_DEVICE_FAMILY = "1,2";
				TEST_TARGET_NAME = EasyClock;
			};
			name = Release;
		};
/* End XCBuildConfiguration section */

/* Begin XCConfigurationList section */
		71D06B4528F976700010350F /* Build configuration list for PBXProject "EasyClock" */ = {
			isa = XCConfigurationList;
			buildConfigurations = (
				71D06B6C28F976710010350F /* Debug */,
				71D06B6D28F976710010350F /* Release */,
			);
			defaultConfigurationIsVisible = 0;
			defaultConfigurationName = Release;
		};
		71D06B6E28F976710010350F /* Build configuration list for PBXNativeTarget "EasyClock" */ = {
			isa = XCConfigurationList;
			buildConfigurations = (
				71D06B6F28F976710010350F /* Debug */,
				71D06B7028F976710010350F /* Release */,
			);
			defaultConfigurationIsVisible = 0;
			defaultConfigurationName = Release;
		};
		71D06B7128F976710010350F /* Build configuration list for PBXNativeTarget "EasyClockTests" */ = {
			isa = XCConfigurationList;
			buildConfigurations = (
				71D06B7228F976710010350F /* Debug */,
				71D06B7328F976710010350F /* Release */,
			);
			defaultConfigurationIsVisible = 0;
			defaultConfigurationName = Release;
		};
		71D06B7428F976710010350F /* Build configuration list for PBXNativeTarget "EasyClockUITests" */ = {
			isa = XCConfigurationList;
			buildConfigurations = (
				71D06B7528F976710010350F /* Debug */,
				71D06B7628F976710010350F /* Release */,
			);
			defaultConfigurationIsVisible = 0;
			defaultConfigurationName = Release;
		};
/* End XCConfigurationList section */
	};
	rootObject = 71D06B4228F976700010350F /* Project object */;
}
